{
  "name": "demo",
  "version": "1.0.0",
  "lockfileVersion": 3,
  "requires": true,
  "packages": {
    "": {
      "name": "demo",
      "version": "1.0.0",
      "license": "ISC",
      "dependencies": {
        "@hudabook/qur": "^0.0.2",
        "@hudabook/qvf-svg-renderer": "^0.0.4"
      }
    },
    "node_modules/@hudabook/qur": {
      "version": "0.0.2",
      "resolved": "https://registry.npmjs.org/@hudabook/qur/-/qur-0.0.2.tgz",
      "integrity": "sha512-VxLY7XuFvAV/+RZ8citAQb+Dw2d9ak6ZJ5qVgaj6l+ic4TsFUqOqDOyjZh1O21sapvINWAA82JrzAuH0GXOsbA==",
      "dependencies": {
        "@swc/helpers": "~0.5.2"
      }
    },
    "node_modules/@hudabook/qvf-svg-renderer": {
      "version": "0.0.4",
      "resolved": "https://registry.npmjs.org/@hudabook/qvf-svg-renderer/-/qvf-svg-renderer-0.0.4.tgz",
      "integrity": "sha512-/OaS/kEV3tGryqC93srk1RM4ZC21I1tccyVPMyNkvd3Txmnos9EXmrWH/dBPZO9gVTtFTYyP85VNzWTea2pw0w==",
      "peerDependencies": {
        "@hudabook/qvf-decoder": "^0.0.1"
      }
    },
    "node_modules/@swc/helpers": {
      "version": "0.5.11",
      "resolved": "https://registry.npmjs.org/@swc/helpers/-/helpers-0.5.11.tgz",
      "integrity": "sha512-YNlnKRWF2sVojTpIyzwou9XoTNbzbzONwRhOoniEioF1AtaitTvVZblaQRrAzChWQ1bLYyYSWzM18y4WwgzJ+A==",
      "dependencies": {
        "tslib": "^2.4.0"
      }
    },
    "node_modules/tslib": {
      "version": "2.6.3",
      "resolved": "https://registry.npmjs.org/tslib/-/tslib-2.6.3.tgz",
      "integrity": "sha512-xNvxJEOUiWPGhUuUdQgAJPKOOJfGnIyKySOc09XkKsgdUV/3E2zvwZYdejjmRgPCgcym1juLH3226yA7sEFJKQ=="
    }
  }
}
